// !$*UTF8*$!
{
	archiveVersion = 1;
	classes = {
	};
	objectVersion = 56;
	objects = {

/* Begin PBXBuildFile section */
		8134E6AD2923359600B11356 /* SongInfo.cpp in Sources */ = {isa = PBXBuildFile; fileRef = 8134E6AB2923359600B11356 /* SongInfo.cpp */; };
		8134E6B02923394D00B11356 /* SongInfoFileF.cpp in Sources */ = {isa = PBXBuildFile; fileRef = 8134E6AE2923394D00B11356 /* SongInfoFileF.cpp */; };
		8134E6B32923395B00B11356 /* SongInfoFileV.cpp in Sources */ = {isa = PBXBuildFile; fileRef = 8134E6B12923395B00B11356 /* SongInfoFileV.cpp */; };
		8134E6B629233B9500B11356 /* Genero.cpp in Sources */ = {isa = PBXBuildFile; fileRef = 8134E6B429233B9500B11356 /* Genero.cpp */; };
		8134E6B929233C8900B11356 /* GeneroFileF.cpp in Sources */ = {isa = PBXBuildFile; fileRef = 8134E6B729233C8900B11356 /* GeneroFileF.cpp */; };
		8134E6BC29233C9400B11356 /* GeneroFileV.cpp in Sources */ = {isa = PBXBuildFile; fileRef = 8134E6BA29233C9400B11356 /* GeneroFileV.cpp */; };
		81739A0F2922FA3B00AE39BB /* main.cpp in Sources */ = {isa = PBXBuildFile; fileRef = 81739A0E2922FA3B00AE39BB /* main.cpp */; };
		81739A172922FAB400AE39BB /* TDAArchivo.cpp in Sources */ = {isa = PBXBuildFile; fileRef = 81739A152922FAB400AE39BB /* TDAArchivo.cpp */; };
		81739A23292301ED00AE39BB /* PlayListFileF.cpp in Sources */ = {isa = PBXBuildFile; fileRef = 81739A21292301ED00AE39BB /* PlayListFileF.cpp */; };
		81739A292923021B00AE39BB /* PlayListFileV.cpp in Sources */ = {isa = PBXBuildFile; fileRef = 81739A272923021B00AE39BB /* PlayListFileV.cpp */; };
		81739A31292305B800AE39BB /* ArrayList.cpp in Sources */ = {isa = PBXBuildFile; fileRef = 81739A2F292305B800AE39BB /* ArrayList.cpp */; };
/* End PBXBuildFile section */

/* Begin PBXCopyFilesBuildPhase section */
		81739A092922FA3B00AE39BB /* CopyFiles */ = {
			isa = PBXCopyFilesBuildPhase;
			buildActionMask = 2147483647;
			dstPath = /usr/share/man/man1/;
			dstSubfolderSpec = 0;
			files = (
			);
			runOnlyForDeploymentPostprocessing = 1;
		};
/* End PBXCopyFilesBuildPhase section */

/* Begin PBXFileReference section */
		8134E6AB2923359600B11356 /* SongInfo.cpp */ = {isa = PBXFileReference; lastKnownFileType = sourcecode.cpp.cpp; path = SongInfo.cpp; sourceTree = "<group>"; };
		8134E6AC2923359600B11356 /* SongInfo.hpp */ = {isa = PBXFileReference; lastKnownFileType = sourcecode.cpp.h; path = SongInfo.hpp; sourceTree = "<group>"; };
		8134E6AE2923394D00B11356 /* SongInfoFileF.cpp */ = {isa = PBXFileReference; lastKnownFileType = sourcecode.cpp.cpp; path = SongInfoFileF.cpp; sourceTree = "<group>"; };
		8134E6AF2923394D00B11356 /* SongInfoFileF.hpp */ = {isa = PBXFileReference; lastKnownFileType = sourcecode.cpp.h; path = SongInfoFileF.hpp; sourceTree = "<group>"; };
		8134E6B12923395B00B11356 /* SongInfoFileV.cpp */ = {isa = PBXFileReference; lastKnownFileType = sourcecode.cpp.cpp; path = SongInfoFileV.cpp; sourceTree = "<group>"; };
		8134E6B22923395B00B11356 /* SongInfoFileV.hpp */ = {isa = PBXFileReference; lastKnownFileType = sourcecode.cpp.h; path = SongInfoFileV.hpp; sourceTree = "<group>"; };
		8134E6B429233B9500B11356 /* Genero.cpp */ = {isa = PBXFileReference; lastKnownFileType = sourcecode.cpp.cpp; path = Genero.cpp; sourceTree = "<group>"; };
		8134E6B529233B9500B11356 /* Genero.hpp */ = {isa = PBXFileReference; lastKnownFileType = sourcecode.cpp.h; path = Genero.hpp; sourceTree = "<group>"; };
		8134E6B729233C8900B11356 /* GeneroFileF.cpp */ = {isa = PBXFileReference; lastKnownFileType = sourcecode.cpp.cpp; path = GeneroFileF.cpp; sourceTree = "<group>"; };
		8134E6B829233C8900B11356 /* GeneroFileF.hpp */ = {isa = PBXFileReference; lastKnownFileType = sourcecode.cpp.h; path = GeneroFileF.hpp; sourceTree = "<group>"; };
		8134E6BA29233C9400B11356 /* GeneroFileV.cpp */ = {isa = PBXFileReference; lastKnownFileType = sourcecode.cpp.cpp; path = GeneroFileV.cpp; sourceTree = "<group>"; };
		8134E6BB29233C9400B11356 /* GeneroFileV.hpp */ = {isa = PBXFileReference; lastKnownFileType = sourcecode.cpp.h; path = GeneroFileV.hpp; sourceTree = "<group>"; };
		81739A0B2922FA3B00AE39BB /* Music Player */ = {isa = PBXFileReference; explicitFileType = "compiled.mach-o.executable"; includeInIndex = 0; path = "Music Player"; sourceTree = BUILT_PRODUCTS_DIR; };
		81739A0E2922FA3B00AE39BB /* main.cpp */ = {isa = PBXFileReference; lastKnownFileType = sourcecode.cpp.cpp; path = main.cpp; sourceTree = "<group>"; };
		81739A152922FAB400AE39BB /* TDAArchivo.cpp */ = {isa = PBXFileReference; lastKnownFileType = sourcecode.cpp.cpp; path = TDAArchivo.cpp; sourceTree = "<group>"; };
		81739A162922FAB400AE39BB /* TDAArchivo.hpp */ = {isa = PBXFileReference; lastKnownFileType = sourcecode.cpp.h; path = TDAArchivo.hpp; sourceTree = "<group>"; };
		81739A192922FC3000AE39BB /* Object.hpp */ = {isa = PBXFileReference; lastKnownFileType = sourcecode.cpp.h; path = Object.hpp; sourceTree = "<group>"; };
		81739A21292301ED00AE39BB /* PlayListFileF.cpp */ = {isa = PBXFileReference; lastKnownFileType = sourcecode.cpp.cpp; path = PlayListFileF.cpp; sourceTree = "<group>"; };
		81739A22292301ED00AE39BB /* PlayListFileF.hpp */ = {isa = PBXFileReference; lastKnownFileType = sourcecode.cpp.h; path = PlayListFileF.hpp; sourceTree = "<group>"; };
		81739A272923021B00AE39BB /* PlayListFileV.cpp */ = {isa = PBXFileReference; lastKnownFileType = sourcecode.cpp.cpp; path = PlayListFileV.cpp; sourceTree = "<group>"; };
		81739A282923021B00AE39BB /* PlayListFileV.hpp */ = {isa = PBXFileReference; lastKnownFileType = sourcecode.cpp.h; path = PlayListFileV.hpp; sourceTree = "<group>"; };
		81739A2B2923041E00AE39BB /* TDALista.hpp */ = {isa = PBXFileReference; lastKnownFileType = sourcecode.cpp.h; path = TDALista.hpp; sourceTree = "<group>"; };
		81739A2F292305B800AE39BB /* ArrayList.cpp */ = {isa = PBXFileReference; lastKnownFileType = sourcecode.cpp.cpp; path = ArrayList.cpp; sourceTree = "<group>"; };
		81739A30292305B800AE39BB /* ArrayList.hpp */ = {isa = PBXFileReference; lastKnownFileType = sourcecode.cpp.h; path = ArrayList.hpp; sourceTree = "<group>"; };
/* End PBXFileReference section */

/* Begin PBXFrameworksBuildPhase section */
		81739A082922FA3B00AE39BB /* Frameworks */ = {
			isa = PBXFrameworksBuildPhase;
			buildActionMask = 2147483647;
			files = (
			);
			runOnlyForDeploymentPostprocessing = 0;
		};
/* End PBXFrameworksBuildPhase section */

/* Begin PBXGroup section */
		81739A022922FA3B00AE39BB = {
			isa = PBXGroup;
			children = (
				81739A0D2922FA3B00AE39BB /* Music Player */,
				81739A0C2922FA3B00AE39BB /* Products */,
			);
			sourceTree = "<group>";
		};
		81739A0C2922FA3B00AE39BB /* Products */ = {
			isa = PBXGroup;
			children = (
				81739A0B2922FA3B00AE39BB /* Music Player */,
			);
			name = Products;
			sourceTree = "<group>";
		};
		81739A0D2922FA3B00AE39BB /* Music Player */ = {
			isa = PBXGroup;
			children = (
				81739A2B2923041E00AE39BB /* TDALista.hpp */,
				81739A162922FAB400AE39BB /* TDAArchivo.hpp */,
				81739A152922FAB400AE39BB /* TDAArchivo.cpp */,
				81739A30292305B800AE39BB /* ArrayList.hpp */,
				81739A2F292305B800AE39BB /* ArrayList.cpp */,
				8134E6AC2923359600B11356 /* SongInfo.hpp */,
				8134E6AB2923359600B11356 /* SongInfo.cpp */,
				81739A22292301ED00AE39BB /* PlayListFileF.hpp */,
				81739A21292301ED00AE39BB /* PlayListFileF.cpp */,
				81739A282923021B00AE39BB /* PlayListFileV.hpp */,
				81739A272923021B00AE39BB /* PlayListFileV.cpp */,
				8134E6AF2923394D00B11356 /* SongInfoFileF.hpp */,
				8134E6AE2923394D00B11356 /* SongInfoFileF.cpp */,
				8134E6B22923395B00B11356 /* SongInfoFileV.hpp */,
				8134E6B12923395B00B11356 /* SongInfoFileV.cpp */,
				81739A192922FC3000AE39BB /* Object.hpp */,
				8134E6B529233B9500B11356 /* Genero.hpp */,
				8134E6B429233B9500B11356 /* Genero.cpp */,
				8134E6B829233C8900B11356 /* GeneroFileF.hpp */,
				8134E6B729233C8900B11356 /* GeneroFileF.cpp */,
				8134E6BB29233C9400B11356 /* GeneroFileV.hpp */,
				8134E6BA29233C9400B11356 /* GeneroFileV.cpp */,
				81739A0E2922FA3B00AE39BB /* main.cpp */,
			);
			path = "Music Player";
			sourceTree = "<group>";
		};
/* End PBXGroup section */

/* Begin PBXNativeTarget section */
		81739A0A2922FA3B00AE39BB /* Music Player */ = {
			isa = PBXNativeTarget;
			buildConfigurationList = 81739A122922FA3B00AE39BB /* Build configuration list for PBXNativeTarget "Music Player" */;
			buildPhases = (
				81739A072922FA3B00AE39BB /* Sources */,
				81739A082922FA3B00AE39BB /* Frameworks */,
				81739A092922FA3B00AE39BB /* CopyFiles */,
			);
			buildRules = (
			);
			dependencies = (
			);
			name = "Music Player";
			productName = "Music Player";
			productReference = 81739A0B2922FA3B00AE39BB /* Music Player */;
			productType = "com.apple.product-type.tool";
		};
/* End PBXNativeTarget section */

/* Begin PBXProject section */
		81739A032922FA3B00AE39BB /* Project object */ = {
			isa = PBXProject;
			attributes = {
				BuildIndependentTargetsInParallel = 1;
				LastUpgradeCheck = 1400;
				TargetAttributes = {
					81739A0A2922FA3B00AE39BB = {
						CreatedOnToolsVersion = 14.0.1;
					};
				};
			};
			buildConfigurationList = 81739A062922FA3B00AE39BB /* Build configuration list for PBXProject "Music Player" */;
			compatibilityVersion = "Xcode 14.0";
			developmentRegion = en;
			hasScannedForEncodings = 0;
			knownRegions = (
				en,
				Base,
			);
			mainGroup = 81739A022922FA3B00AE39BB;
			productRefGroup = 81739A0C2922FA3B00AE39BB /* Products */;
			projectDirPath = "";
			projectRoot = "";
			targets = (
				81739A0A2922FA3B00AE39BB /* Music Player */,
			);
		};
/* End PBXProject section */

/* Begin PBXSourcesBuildPhase section */
		81739A072922FA3B00AE39BB /* Sources */ = {
			isa = PBXSourcesBuildPhase;
			buildActionMask = 2147483647;
			files = (
				8134E6B929233C8900B11356 /* GeneroFileF.cpp in Sources */,
				8134E6B02923394D00B11356 /* SongInfoFileF.cpp in Sources */,
				81739A23292301ED00AE39BB /* PlayListFileF.cpp in Sources */,
				8134E6AD2923359600B11356 /* SongInfo.cpp in Sources */,
				8134E6B32923395B00B11356 /* SongInfoFileV.cpp in Sources */,
				81739A172922FAB400AE39BB /* TDAArchivo.cpp in Sources */,
				81739A0F2922FA3B00AE39BB /* main.cpp in Sources */,
				8134E6BC29233C9400B11356 /* GeneroFileV.cpp in Sources */,
				81739A31292305B800AE39BB /* ArrayList.cpp in Sources */,
				81739A292923021B00AE39BB /* PlayListFileV.cpp in Sources */,
				8134E6B629233B9500B11356 /* Genero.cpp in Sources */,
			);
			runOnlyForDeploymentPostprocessing = 0;
		};
/* End PBXSourcesBuildPhase section */

/* Begin XCBuildConfiguration section */
		81739A102922FA3B00AE39BB /* Debug */ = {
			isa = XCBuildConfiguration;
			buildSettings = {
				ALWAYS_SEARCH_USER_PATHS = NO;
				CLANG_ANALYZER_NONNULL = YES;
				CLANG_ANALYZER_NUMBER_OBJECT_CONVERSION = YES_AGGRESSIVE;
				CLANG_CXX_LANGUAGE_STANDARD = "gnu++20";
				CLANG_ENABLE_MODULES = YES;
				CLANG_ENABLE_OBJC_ARC = YES;
				CLANG_ENABLE_OBJC_WEAK = YES;
				CLANG_WARN_BLOCK_CAPTURE_AUTORELEASING = YES;
				CLANG_WARN_BOOL_CONVERSION = YES;
				CLANG_WARN_COMMA = YES;
				CLANG_WARN_CONSTANT_CONVERSION = YES;
				CLANG_WARN_DEPRECATED_OBJC_IMPLEMENTATIONS = YES;
				CLANG_WARN_DIRECT_OBJC_ISA_USAGE = YES_ERROR;
				CLANG_WARN_DOCUMENTATION_COMMENTS = YES;
				CLANG_WARN_EMPTY_BODY = YES;
				CLANG_WARN_ENUM_CONVERSION = YES;
				CLANG_WARN_INFINITE_RECURSION = YES;
				CLANG_WARN_INT_CONVERSION = YES;
				CLANG_WARN_NON_LITERAL_NULL_CONVERSION = YES;
				CLANG_WARN_OBJC_IMPLICIT_RETAIN_SELF = YES;
				CLANG_WARN_OBJC_LITERAL_CONVERSION = YES;
				CLANG_WARN_OBJC_ROOT_CLASS = YES_ERROR;
				CLANG_WARN_QUOTED_INCLUDE_IN_FRAMEWORK_HEADER = YES;
				CLANG_WARN_RANGE_LOOP_ANALYSIS = YES;
				CLANG_WARN_STRICT_PROTOTYPES = YES;
				CLANG_WARN_SUSPICIOUS_MOVE = YES;
				CLANG_WARN_UNGUARDED_AVAILABILITY = YES_AGGRESSIVE;
				CLANG_WARN_UNREACHABLE_CODE = YES;
				CLANG_WARN__DUPLICATE_METHOD_MATCH = YES;
				COPY_PHASE_STRIP = NO;
				DEBUG_INFORMATION_FORMAT = dwarf;
				ENABLE_STRICT_OBJC_MSGSEND = YES;
				ENABLE_TESTABILITY = YES;
				GCC_C_LANGUAGE_STANDARD = gnu11;
				GCC_DYNAMIC_NO_PIC = NO;
				GCC_NO_COMMON_BLOCKS = YES;
				GCC_OPTIMIZATION_LEVEL = 0;
				GCC_PREPROCESSOR_DEFINITIONS = (
					"DEBUG=1",
					"$(inherited)",
				);
				GCC_WARN_64_TO_32_BIT_CONVERSION = YES;
				GCC_WARN_ABOUT_RETURN_TYPE = YES_ERROR;
				GCC_WARN_UNDECLARED_SELECTOR = YES;
				GCC_WARN_UNINITIALIZED_AUTOS = YES_AGGRESSIVE;
				GCC_WARN_UNUSED_FUNCTION = YES;
				GCC_WARN_UNUSED_VARIABLE = YES;
				MACOSX_DEPLOYMENT_TARGET = 12.3;
				MTL_ENABLE_DEBUG_INFO = INCLUDE_SOURCE;
				MTL_FAST_MATH = YES;
				ONLY_ACTIVE_ARCH = YES;
				SDKROOT = macosx;
			};
			name = Debug;
		};
		81739A112922FA3B00AE39BB /* Release */ = {
			isa = XCBuildConfiguration;
			buildSettings = {
				ALWAYS_SEARCH_USER_PATHS = NO;
				CLANG_ANALYZER_NONNULL = YES;
				CLANG_ANALYZER_NUMBER_OBJECT_CONVERSION = YES_AGGRESSIVE;
				CLANG_CXX_LANGUAGE_STANDARD = "gnu++20";
				CLANG_ENABLE_MODULES = YES;
				CLANG_ENABLE_OBJC_ARC = YES;
				CLANG_ENABLE_OBJC_WEAK = YES;
				CLANG_WARN_BLOCK_CAPTURE_AUTORELEASING = YES;
				CLANG_WARN_BOOL_CONVERSION = YES;
				CLANG_WARN_COMMA = YES;
				CLANG_WARN_CONSTANT_CONVERSION = YES;
				CLANG_WARN_DEPRECATED_OBJC_IMPLEMENTATIONS = YES;
				CLANG_WARN_DIRECT_OBJC_ISA_USAGE = YES_ERROR;
				CLANG_WARN_DOCUMENTATION_COMMENTS = YES;
				CLANG_WARN_EMPTY_BODY = YES;
				CLANG_WARN_ENUM_CONVERSION = YES;
				CLANG_WARN_INFINITE_RECURSION = YES;
				CLANG_WARN_INT_CONVERSION = YES;
				CLANG_WARN_NON_LITERAL_NULL_CONVERSION = YES;
				CLANG_WARN_OBJC_IMPLICIT_RETAIN_SELF = YES;
				CLANG_WARN_OBJC_LITERAL_CONVERSION = YES;
				CLANG_WARN_OBJC_ROOT_CLASS = YES_ERROR;
				CLANG_WARN_QUOTED_INCLUDE_IN_FRAMEWORK_HEADER = YES;
				CLANG_WARN_RANGE_LOOP_ANALYSIS = YES;
				CLANG_WARN_STRICT_PROTOTYPES = YES;
				CLANG_WARN_SUSPICIOUS_MOVE = YES;
				CLANG_WARN_UNGUARDED_AVAILABILITY = YES_AGGRESSIVE;
				CLANG_WARN_UNREACHABLE_CODE = YES;
				CLANG_WARN__DUPLICATE_METHOD_MATCH = YES;
				COPY_PHASE_STRIP = NO;
				DEBUG_INFORMATION_FORMAT = "dwarf-with-dsym";
				ENABLE_NS_ASSERTIONS = NO;
				ENABLE_STRICT_OBJC_MSGSEND = YES;
				GCC_C_LANGUAGE_STANDARD = gnu11;
				GCC_NO_COMMON_BLOCKS = YES;
				GCC_WARN_64_TO_32_BIT_CONVERSION = YES;
				GCC_WARN_ABOUT_RETURN_TYPE = YES_ERROR;
				GCC_WARN_UNDECLARED_SELECTOR = YES;
				GCC_WARN_UNINITIALIZED_AUTOS = YES_AGGRESSIVE;
				GCC_WARN_UNUSED_FUNCTION = YES;
				GCC_WARN_UNUSED_VARIABLE = YES;
				MACOSX_DEPLOYMENT_TARGET = 12.3;
				MTL_ENABLE_DEBUG_INFO = NO;
				MTL_FAST_MATH = YES;
				SDKROOT = macosx;
			};
			name = Release;
		};
		81739A132922FA3B00AE39BB /* Debug */ = {
			isa = XCBuildConfiguration;
			buildSettings = {
				CODE_SIGN_STYLE = Automatic;
				PRODUCT_NAME = "$(TARGET_NAME)";
			};
			name = Debug;
		};
		81739A142922FA3B00AE39BB /* Release */ = {
			isa = XCBuildConfiguration;
			buildSettings = {
				CODE_SIGN_STYLE = Automatic;
				PRODUCT_NAME = "$(TARGET_NAME)";
			};
			name = Release;
		};
/* End XCBuildConfiguration section */

/* Begin XCConfigurationList section */
		81739A062922FA3B00AE39BB /* Build configuration list for PBXProject "Music Player" */ = {
			isa = XCConfigurationList;
			buildConfigurations = (
				81739A102922FA3B00AE39BB /* Debug */,
				81739A112922FA3B00AE39BB /* Release */,
			);
			defaultConfigurationIsVisible = 0;
			defaultConfigurationName = Release;
		};
		81739A122922FA3B00AE39BB /* Build configuration list for PBXNativeTarget "Music Player" */ = {
			isa = XCConfigurationList;
			buildConfigurations = (
				81739A132922FA3B00AE39BB /* Debug */,
				81739A142922FA3B00AE39BB /* Release */,
			);
			defaultConfigurationIsVisible = 0;
			defaultConfigurationName = Release;
		};
/* End XCConfigurationList section */
	};
	rootObject = 81739A032922FA3B00AE39BB /* Project object */;
}
